
Microsoft Visual Studio Solution File, Format Version 12.00
# Visual Studio Version 16
VisualStudioVersion = 16.0.29806.167
MinimumVisualStudioVersion = 10.0.40219.1
Project("{9A19103F-16F7-4668-BE54-9A1E7A4F7556}") = "WebApi", "WebApi\WebApi.csproj", "{1B2ABD07-B106-4D16-B93E-89FA77FD7AC1}"
EndProject
Project("{9A19103F-16F7-4668-BE54-9A1E7A4F7556}") = "BusinessLogic", "BusinessLogic\BusinessLogic.csproj", "{50455CEC-2DD0-47AE-B613-76DE49E7181B}"
EndProject
Project("{9A19103F-16F7-4668-BE54-9A1E7A4F7556}") = "DataStorage", "DataStorage\DataStorage.csproj", "{C5D1DD99-74B2-40CA-BD25-D3E96BDA6619}"
EndProject
Project("{2150E333-8FDC-42A3-9474-1A3956D46DE8}") = "Solution Items", "Solution Items", "{9EFDAF06-EB81-4F66-B5D8-B55A6E45F92B}"
	ProjectSection(SolutionItems) = preProject
		.editorconfig = .editorconfig
	EndProjectSection
EndProject
Project("{9A19103F-16F7-4668-BE54-9A1E7A4F7556}") = "Core", "Core\Core.csproj", "{23D7F2BA-E9CE-40C1-AB53-BBA474B42E45}"
EndProject
Global
	GlobalSection(SolutionConfigurationPlatforms) = preSolution
		Debug|Any CPU = Debug|Any CPU
		Release|Any CPU = Release|Any CPU
	EndGlobalSection
	GlobalSection(ProjectConfigurationPlatforms) = postSolution
		{1B2ABD07-B106-4D16-B93E-89FA77FD7AC1}.Debug|Any CPU.ActiveCfg = Debug|Any CPU
		{1B2ABD07-B106-4D16-B93E-89FA77FD7AC1}.Debug|Any CPU.Build.0 = Debug|Any CPU
		{1B2ABD07-B106-4D16-B93E-89FA77FD7AC1}.Release|Any CPU.ActiveCfg = Release|Any CPU
		{1B2ABD07-B106-4D16-B93E-89FA77FD7AC1}.Release|Any CPU.Build.0 = Release|Any CPU
		{50455CEC-2DD0-47AE-B613-76DE49E7181B}.Debug|Any CPU.ActiveCfg = Debug|Any CPU
		{50455CEC-2DD0-47AE-B613-76DE49E7181B}.Debug|Any CPU.Build.0 = Debug|Any CPU
		{50455CEC-2DD0-47AE-B613-76DE49E7181B}.Release|Any CPU.ActiveCfg = Release|Any CPU
		{50455CEC-2DD0-47AE-B613-76DE49E7181B}.Release|Any CPU.Build.0 = Release|Any CPU
		{C5D1DD99-74B2-40CA-BD25-D3E96BDA6619}.Debug|Any CPU.ActiveCfg = Debug|Any CPU
		{C5D1DD99-74B2-40CA-BD25-D3E96BDA6619}.Debug|Any CPU.Build.0 = Debug|Any CPU
		{C5D1DD99-74B2-40CA-BD25-D3E96BDA6619}.Release|Any CPU.ActiveCfg = Release|Any CPU
		{C5D1DD99-74B2-40CA-BD25-D3E96BDA6619}.Release|Any CPU.Build.0 = Release|Any CPU
		{23D7F2BA-E9CE-40C1-AB53-BBA474B42E45}.Debug|Any CPU.ActiveCfg = Debug|Any CPU
		{23D7F2BA-E9CE-40C1-AB53-BBA474B42E45}.Debug|Any CPU.Build.0 = Debug|Any CPU
		{23D7F2BA-E9CE-40C1-AB53-BBA474B42E45}.Release|Any CPU.ActiveCfg = Release|Any CPU
		{23D7F2BA-E9CE-40C1-AB53-BBA474B42E45}.Release|Any CPU.Build.0 = Release|Any CPU
	EndGlobalSection
	GlobalSection(SolutionProperties) = preSolution
		HideSolutionNode = FALSE
	EndGlobalSection
	GlobalSection(ExtensibilityGlobals) = postSolution
		SolutionGuid = {91F7A4B4-8816-4AA6-8513-D7DC6F834157}
	EndGlobalSection
EndGlobal
